
Microsoft Visual Studio Solution File, Format Version 12.00
# Visual Studio 2012
Project("{F184B08F-C81C-45F6-A57F-5ABD9991F28F}") = "VBRunReportMySQL", "VBRunReportMySQL\VBRunReportMySQL.vbproj", "{1F4A5F0C-35DB-43C0-9FE7-69FD381296AD}"
EndProject
Global
	GlobalSection(SolutionConfigurationPlatforms) = preSolution
		Debug|x86 = Debug|x86
		Release|x86 = Release|x86
	EndGlobalSection
	GlobalSection(ProjectConfigurationPlatforms) = postSolution
		{1F4A5F0C-35DB-43C0-9FE7-69FD381296AD}.Debug|x86.ActiveCfg = Debug|x86
		{1F4A5F0C-35DB-43C0-9FE7-69FD381296AD}.Debug|x86.Build.0 = Debug|x86
		{1F4A5F0C-35DB-43C0-9FE7-69FD381296AD}.Release|x86.ActiveCfg = Release|x86
		{1F4A5F0C-35DB-43C0-9FE7-69FD381296AD}.Release|x86.Build.0 = Release|x86
	EndGlobalSection
	GlobalSection(SolutionProperties) = preSolution
		HideSolutionNode = FALSE
	EndGlobalSection
EndGlobal
