
Microsoft Visual Studio Solution File, Format Version 12.00
# Visual Studio 2012
Project("{FAE04EC0-301F-11D3-BF4B-00C04F79EFBC}") = "SemaphoreSample", "SemaphoreSample.csproj", "{F3A0A14A-400D-41BE-AC80-236637CC93D3}"
EndProject
Global
	GlobalSection(SolutionConfigurationPlatforms) = preSolution
		Debug|x86 = Debug|x86
		Release|x86 = Release|x86
	EndGlobalSection
	GlobalSection(ProjectConfigurationPlatforms) = postSolution
		{F3A0A14A-400D-41BE-AC80-236637CC93D3}.Debug|x86.ActiveCfg = Debug|x86
		{F3A0A14A-400D-41BE-AC80-236637CC93D3}.Debug|x86.Build.0 = Debug|x86
		{F3A0A14A-400D-41BE-AC80-236637CC93D3}.Release|x86.ActiveCfg = Release|x86
		{F3A0A14A-400D-41BE-AC80-236637CC93D3}.Release|x86.Build.0 = Release|x86
	EndGlobalSection
	GlobalSection(SolutionProperties) = preSolution
		HideSolutionNode = FALSE
	EndGlobalSection
EndGlobal
