
Microsoft Visual Studio Solution File, Format Version 12.00
# Visual Studio 2012
Project("{F184B08F-C81C-45F6-A57F-5ABD9991F28F}") = "VB Email Example", "VB Email Example\VB Email Example.vbproj", "{CB974A27-041E-4E75-B86C-A037DC51F4DB}"
EndProject
Global
	GlobalSection(SolutionConfigurationPlatforms) = preSolution
		Debug|x86 = Debug|x86
		Release|x86 = Release|x86
	EndGlobalSection
	GlobalSection(ProjectConfigurationPlatforms) = postSolution
		{CB974A27-041E-4E75-B86C-A037DC51F4DB}.Debug|x86.ActiveCfg = Debug|x86
		{CB974A27-041E-4E75-B86C-A037DC51F4DB}.Debug|x86.Build.0 = Debug|x86
		{CB974A27-041E-4E75-B86C-A037DC51F4DB}.Release|x86.ActiveCfg = Release|x86
		{CB974A27-041E-4E75-B86C-A037DC51F4DB}.Release|x86.Build.0 = Release|x86
	EndGlobalSection
	GlobalSection(SolutionProperties) = preSolution
		HideSolutionNode = FALSE
	EndGlobalSection
EndGlobal
