
Microsoft Visual Studio Solution File, Format Version 12.00
# Visual Studio 2012
Project("{F184B08F-C81C-45F6-A57F-5ABD9991F28F}") = "VBRunReportDB2", "VBRunReportDB2\VBRunReportDB2.vbproj", "{04F359E1-C392-4FDE-9799-371F5C9BDF32}"
EndProject
Global
	GlobalSection(SolutionConfigurationPlatforms) = preSolution
		Debug|x86 = Debug|x86
		Release|x86 = Release|x86
	EndGlobalSection
	GlobalSection(ProjectConfigurationPlatforms) = postSolution
		{04F359E1-C392-4FDE-9799-371F5C9BDF32}.Debug|x86.ActiveCfg = Debug|x86
		{04F359E1-C392-4FDE-9799-371F5C9BDF32}.Debug|x86.Build.0 = Debug|x86
		{04F359E1-C392-4FDE-9799-371F5C9BDF32}.Release|x86.ActiveCfg = Release|x86
		{04F359E1-C392-4FDE-9799-371F5C9BDF32}.Release|x86.Build.0 = Release|x86
	EndGlobalSection
	GlobalSection(SolutionProperties) = preSolution
		HideSolutionNode = FALSE
	EndGlobalSection
EndGlobal
