
Microsoft Visual Studio Solution File, Format Version 12.00
# Visual Studio Version 16
VisualStudioVersion = 16.0.31321.278
MinimumVisualStudioVersion = 10.0.40219.1
Project("{FAE04EC0-301F-11D3-BF4B-00C04F79EFBC}") = "RunReport", "RunReport\RunReport.csproj", "{6AC10C77-4511-41D8-B025-3B4E30FEDC87}"
EndProject
Global
	GlobalSection(SolutionConfigurationPlatforms) = preSolution
		Debug|Any CPU = Debug|Any CPU
		Release|Any CPU = Release|Any CPU
	EndGlobalSection
	GlobalSection(ProjectConfigurationPlatforms) = postSolution
		{6AC10C77-4511-41D8-B025-3B4E30FEDC87}.Debug|Any CPU.ActiveCfg = Debug|Any CPU
		{6AC10C77-4511-41D8-B025-3B4E30FEDC87}.Debug|Any CPU.Build.0 = Debug|Any CPU
		{6AC10C77-4511-41D8-B025-3B4E30FEDC87}.Release|Any CPU.ActiveCfg = Release|Any CPU
		{6AC10C77-4511-41D8-B025-3B4E30FEDC87}.Release|Any CPU.Build.0 = Release|Any CPU
	EndGlobalSection
	GlobalSection(SolutionProperties) = preSolution
		HideSolutionNode = FALSE
	EndGlobalSection
	GlobalSection(ExtensibilityGlobals) = postSolution
		SolutionGuid = {8C31A95A-44C5-42A5-BCA4-4EC53EDA0DE5}
	EndGlobalSection
EndGlobal
