
Microsoft Visual Studio Solution File, Format Version 12.00
# Visual Studio 14
VisualStudioVersion = 14.0.24720.0
MinimumVisualStudioVersion = 10.0.40219.1
Project("{FAE04EC0-301F-11D3-BF4B-00C04F79EFBC}") = "ODataAdvancedConnection", "ODataAdvancedConnection.csproj", "{36036EC9-2C46-4661-8C58-27CE5DA4246B}"
EndProject
Global
	GlobalSection(SolutionConfigurationPlatforms) = preSolution
		Debug|Any CPU = Debug|Any CPU
		Release|Any CPU = Release|Any CPU
	EndGlobalSection
	GlobalSection(ProjectConfigurationPlatforms) = postSolution
		{36036EC9-2C46-4661-8C58-27CE5DA4246B}.Debug|Any CPU.ActiveCfg = Debug|Any CPU
		{36036EC9-2C46-4661-8C58-27CE5DA4246B}.Debug|Any CPU.Build.0 = Debug|Any CPU
		{36036EC9-2C46-4661-8C58-27CE5DA4246B}.Release|Any CPU.ActiveCfg = Release|Any CPU
		{36036EC9-2C46-4661-8C58-27CE5DA4246B}.Release|Any CPU.Build.0 = Release|Any CPU
	EndGlobalSection
	GlobalSection(SolutionProperties) = preSolution
		HideSolutionNode = FALSE
	EndGlobalSection
EndGlobal
