
Microsoft Visual Studio Solution File, Format Version 12.00
# Visual Studio 14
VisualStudioVersion = 14.0.25420.1
MinimumVisualStudioVersion = 10.0.40219.1
Project("{FAE04EC0-301F-11D3-BF4B-00C04F79EFBC}") = "RESTfulEngine.CSharpClient", "RESTfulEngine.CSharpClient\RESTfulEngine.CSharpClient.csproj", "{7654AE0C-DAB3-4F20-9984-823B64896F4F}"
EndProject
Project("{FAE04EC0-301F-11D3-BF4B-00C04F79EFBC}") = "CSharpClient.Tests", "CSharpClient.Tests\CSharpClient.Tests.csproj", "{0BCED983-7318-4DFA-A532-25A0D54A28C5}"
EndProject
Global
	GlobalSection(SolutionConfigurationPlatforms) = preSolution
		Debug|Any CPU = Debug|Any CPU
		Release|Any CPU = Release|Any CPU
	EndGlobalSection
	GlobalSection(ProjectConfigurationPlatforms) = postSolution
		{7654AE0C-DAB3-4F20-9984-823B64896F4F}.Debug|Any CPU.ActiveCfg = Debug|Any CPU
		{7654AE0C-DAB3-4F20-9984-823B64896F4F}.Debug|Any CPU.Build.0 = Debug|Any CPU
		{7654AE0C-DAB3-4F20-9984-823B64896F4F}.Release|Any CPU.ActiveCfg = Release|Any CPU
		{7654AE0C-DAB3-4F20-9984-823B64896F4F}.Release|Any CPU.Build.0 = Release|Any CPU
		{0BCED983-7318-4DFA-A532-25A0D54A28C5}.Debug|Any CPU.ActiveCfg = Debug|Any CPU
		{0BCED983-7318-4DFA-A532-25A0D54A28C5}.Debug|Any CPU.Build.0 = Debug|Any CPU
		{0BCED983-7318-4DFA-A532-25A0D54A28C5}.Release|Any CPU.ActiveCfg = Release|Any CPU
		{0BCED983-7318-4DFA-A532-25A0D54A28C5}.Release|Any CPU.Build.0 = Release|Any CPU
	EndGlobalSection
	GlobalSection(SolutionProperties) = preSolution
		HideSolutionNode = FALSE
	EndGlobalSection
EndGlobal
