
Microsoft Visual Studio Solution File, Format Version 12.00
# Visual Studio 2012
Project("{FAE04EC0-301F-11D3-BF4B-00C04F79EFBC}") = "RunReportXml", "RunReportXml\RunReportXml.csproj", "{39273772-A804-4F41-A2B6-91E79F9BA955}"
EndProject
Global
	GlobalSection(SolutionConfigurationPlatforms) = preSolution
		Debug|Any CPU = Debug|Any CPU
		Release|Any CPU = Release|Any CPU
	EndGlobalSection
	GlobalSection(ProjectConfigurationPlatforms) = postSolution
		{39273772-A804-4F41-A2B6-91E79F9BA955}.Debug|Any CPU.ActiveCfg = Debug|Any CPU
		{39273772-A804-4F41-A2B6-91E79F9BA955}.Debug|Any CPU.Build.0 = Debug|Any CPU
		{39273772-A804-4F41-A2B6-91E79F9BA955}.Release|Any CPU.ActiveCfg = Release|Any CPU
		{39273772-A804-4F41-A2B6-91E79F9BA955}.Release|Any CPU.Build.0 = Release|Any CPU
	EndGlobalSection
	GlobalSection(SolutionProperties) = preSolution
		HideSolutionNode = FALSE
	EndGlobalSection
	GlobalSection(TextTemplating) = postSolution
		TextTemplating = 1
	EndGlobalSection
EndGlobal
